
Microsoft Visual Studio Solution File, Format Version 12.00
# Visual Studio 14
VisualStudioVersion = 14.0.25420.1
MinimumVisualStudioVersion = 10.0.40219.1
Project("{8BC9CEB8-8B4A-11D0-8D11-00A0C91BC942}") = "HelloSocket", "HelloSocket\HelloSocket.vcxproj", "{C6FACDD4-3F14-4449-BEE9-56DAACDFB8D2}"
EndProject
Project("{8BC9CEB8-8B4A-11D0-8D11-00A0C91BC942}") = "EasyTCPServer", "EasyTCPServer\EasyTCPServer.vcxproj", "{71FD1B0E-F38D-4C7C-9CAE-9DDF0E9EE9AA}"
EndProject
Project("{8BC9CEB8-8B4A-11D0-8D11-00A0C91BC942}") = "EasyTCPClient", "EasyTCPClient\EasyTCPClient.vcxproj", "{9CCA9023-3938-4F02-83E9-34E44EF7F154}"
EndProject
Project("{8BC9CEB8-8B4A-11D0-8D11-00A0C91BC942}") = "HelloThread", "HelloThread\HelloThread.vcxproj", "{369F57DA-F7F2-44AA-83C7-1362C4777277}"
EndProject
Global
	GlobalSection(Performance) = preSolution
		HasPerformanceSessions = true
	EndGlobalSection
	GlobalSection(SolutionConfigurationPlatforms) = preSolution
		Debug|x64 = Debug|x64
		Debug|x86 = Debug|x86
		Release|x64 = Release|x64
		Release|x86 = Release|x86
	EndGlobalSection
	GlobalSection(ProjectConfigurationPlatforms) = postSolution
		{C6FACDD4-3F14-4449-BEE9-56DAACDFB8D2}.Debug|x64.ActiveCfg = Debug|x64
		{C6FACDD4-3F14-4449-BEE9-56DAACDFB8D2}.Debug|x64.Build.0 = Debug|x64
		{C6FACDD4-3F14-4449-BEE9-56DAACDFB8D2}.Debug|x86.ActiveCfg = Debug|Win32
		{C6FACDD4-3F14-4449-BEE9-56DAACDFB8D2}.Debug|x86.Build.0 = Debug|Win32
		{C6FACDD4-3F14-4449-BEE9-56DAACDFB8D2}.Release|x64.ActiveCfg = Release|x64
		{C6FACDD4-3F14-4449-BEE9-56DAACDFB8D2}.Release|x64.Build.0 = Release|x64
		{C6FACDD4-3F14-4449-BEE9-56DAACDFB8D2}.Release|x86.ActiveCfg = Release|Win32
		{C6FACDD4-3F14-4449-BEE9-56DAACDFB8D2}.Release|x86.Build.0 = Release|Win32
		{71FD1B0E-F38D-4C7C-9CAE-9DDF0E9EE9AA}.Debug|x64.ActiveCfg = Debug|x64
		{71FD1B0E-F38D-4C7C-9CAE-9DDF0E9EE9AA}.Debug|x64.Build.0 = Debug|x64
		{71FD1B0E-F38D-4C7C-9CAE-9DDF0E9EE9AA}.Debug|x86.ActiveCfg = Debug|Win32
		{71FD1B0E-F38D-4C7C-9CAE-9DDF0E9EE9AA}.Debug|x86.Build.0 = Debug|Win32
		{71FD1B0E-F38D-4C7C-9CAE-9DDF0E9EE9AA}.Release|x64.ActiveCfg = Release|x64
		{71FD1B0E-F38D-4C7C-9CAE-9DDF0E9EE9AA}.Release|x64.Build.0 = Release|x64
		{71FD1B0E-F38D-4C7C-9CAE-9DDF0E9EE9AA}.Release|x86.ActiveCfg = Release|Win32
		{71FD1B0E-F38D-4C7C-9CAE-9DDF0E9EE9AA}.Release|x86.Build.0 = Release|Win32
		{9CCA9023-3938-4F02-83E9-34E44EF7F154}.Debug|x64.ActiveCfg = Debug|x64
		{9CCA9023-3938-4F02-83E9-34E44EF7F154}.Debug|x64.Build.0 = Debug|x64
		{9CCA9023-3938-4F02-83E9-34E44EF7F154}.Debug|x86.ActiveCfg = Debug|Win32
		{9CCA9023-3938-4F02-83E9-34E44EF7F154}.Debug|x86.Build.0 = Debug|Win32
		{9CCA9023-3938-4F02-83E9-34E44EF7F154}.Release|x64.ActiveCfg = Release|x64
		{9CCA9023-3938-4F02-83E9-34E44EF7F154}.Release|x64.Build.0 = Release|x64
		{9CCA9023-3938-4F02-83E9-34E44EF7F154}.Release|x86.ActiveCfg = Release|Win32
		{9CCA9023-3938-4F02-83E9-34E44EF7F154}.Release|x86.Build.0 = Release|Win32
		{369F57DA-F7F2-44AA-83C7-1362C4777277}.Debug|x64.ActiveCfg = Debug|x64
		{369F57DA-F7F2-44AA-83C7-1362C4777277}.Debug|x64.Build.0 = Debug|x64
		{369F57DA-F7F2-44AA-83C7-1362C4777277}.Debug|x86.ActiveCfg = Debug|Win32
		{369F57DA-F7F2-44AA-83C7-1362C4777277}.Debug|x86.Build.0 = Debug|Win32
		{369F57DA-F7F2-44AA-83C7-1362C4777277}.Release|x64.ActiveCfg = Release|x64
		{369F57DA-F7F2-44AA-83C7-1362C4777277}.Release|x64.Build.0 = Release|x64
		{369F57DA-F7F2-44AA-83C7-1362C4777277}.Release|x86.ActiveCfg = Release|Win32
		{369F57DA-F7F2-44AA-83C7-1362C4777277}.Release|x86.Build.0 = Release|Win32
	EndGlobalSection
	GlobalSection(SolutionProperties) = preSolution
		HideSolutionNode = FALSE
	EndGlobalSection
EndGlobal
